// !$*UTF8*$!
{
	archiveVersion = 1;
	classes = {
	};
	objectVersion = 77;
	objects = {

/* Begin PBXBuildFile section */
		83D84C4B2F547D4300F36B9E /* exportAIChat Extension.appex in Embed Foundation Extensions */ = {isa = PBXBuildFile; fileRef = 83D84C4A2F547D4300F36B9E /* exportAIChat Extension.appex */; settings = {ATTRIBUTES = (RemoveHeadersOnCopy, ); }; };
/* End PBXBuildFile section */

/* Begin PBXContainerItemProxy section */
		83D84C352F547D4300F36B9E /* PBXContainerItemProxy */ = {
			isa = PBXContainerItemProxy;
			containerPortal = 83D84C122F547D4200F36B9E /* Project object */;
			proxyType = 1;
			remoteGlobalIDString = 83D84C192F547D4200F36B9E;
			remoteInfo = exportAIChat;
		};
		83D84C3F2F547D4300F36B9E /* PBXContainerItemProxy */ = {
			isa = PBXContainerItemProxy;
			containerPortal = 83D84C122F547D4200F36B9E /* Project object */;
			proxyType = 1;
			remoteGlobalIDString = 83D84C192F547D4200F36B9E;
			remoteInfo = exportAIChat;
		};
		83D84C4C2F547D4300F36B9E /* PBXContainerItemProxy */ = {
			isa = PBXContainerItemProxy;
			containerPortal = 83D84C122F547D4200F36B9E /* Project object */;
			proxyType = 1;
			remoteGlobalIDString = 83D84C492F547D4300F36B9E;
			remoteInfo = "exportAIChat Extension";
		};
/* End PBXContainerItemProxy section */

/* Begin PBXCopyFilesBuildPhase section */
		83D84C692F547D4300F36B9E /* Embed Foundation Extensions */ = {
			isa = PBXCopyFilesBuildPhase;
			buildActionMask = 2147483647;
			dstPath = "";
			dstSubfolderSpec = 13;
			files = (
				83D84C4B2F547D4300F36B9E /* exportAIChat Extension.appex in Embed Foundation Extensions */,
			);
			name = "Embed Foundation Extensions";
			runOnlyForDeploymentPostprocessing = 0;
		};
/* End PBXCopyFilesBuildPhase section */

/* Begin PBXFileReference section */
		83D84C1A2F547D4200F36B9E /* exportAIChat.app */ = {isa = PBXFileReference; explicitFileType = wrapper.application; includeInIndex = 0; path = exportAIChat.app; sourceTree = BUILT_PRODUCTS_DIR; };
		83D84C342F547D4300F36B9E /* exportAIChatTests.xctest */ = {isa = PBXFileReference; explicitFileType = wrapper.cfbundle; includeInIndex = 0; path = exportAIChatTests.xctest; sourceTree = BUILT_PRODUCTS_DIR; };
		83D84C3E2F547D4300F36B9E /* exportAIChatUITests.xctest */ = {isa = PBXFileReference; explicitFileType = wrapper.cfbundle; includeInIndex = 0; path = exportAIChatUITests.xctest; sourceTree = BUILT_PRODUCTS_DIR; };
		83D84C4A2F547D4300F36B9E /* exportAIChat Extension.appex */ = {isa = PBXFileReference; explicitFileType = "wrapper.app-extension"; includeInIndex = 0; path = "exportAIChat Extension.appex"; sourceTree = BUILT_PRODUCTS_DIR; };
/* End PBXFileReference section */

/* Begin PBXFileSystemSynchronizedBuildFileExceptionSet section */
		83D84C632F547D4300F36B9E /* Exceptions for "exportAIChat Extension" folder in "exportAIChat Extension" target */ = {
			isa = PBXFileSystemSynchronizedBuildFileExceptionSet;
			membershipExceptions = (
				Info.plist,
			);
			target = 83D84C492F547D4300F36B9E /* exportAIChat Extension */;
		};
/* End PBXFileSystemSynchronizedBuildFileExceptionSet section */

/* Begin PBXFileSystemSynchronizedRootGroup section */
		83D84C1C2F547D4200F36B9E /* exportAIChat */ = {
			isa = PBXFileSystemSynchronizedRootGroup;
			path = exportAIChat;
			sourceTree = "<group>";
		};
		83D84C372F547D4300F36B9E /* exportAIChatTests */ = {
			isa = PBXFileSystemSynchronizedRootGroup;
			path = exportAIChatTests;
			sourceTree = "<group>";
		};
		83D84C412F547D4300F36B9E /* exportAIChatUITests */ = {
			isa = PBXFileSystemSynchronizedRootGroup;
			path = exportAIChatUITests;
			sourceTree = "<group>";
		};
		83D84C4E2F547D4300F36B9E /* exportAIChat Extension */ = {
			isa = PBXFileSystemSynchronizedRootGroup;
			exceptions = (
				83D84C632F547D4300F36B9E /* Exceptions for "exportAIChat Extension" folder in "exportAIChat Extension" target */,
			);
			explicitFolders = (
				Resources/_locales,
				Resources/images,
			);
			path = "exportAIChat Extension";
			sourceTree = "<group>";
		};
/* End PBXFileSystemSynchronizedRootGroup section */

/* Begin PBXFrameworksBuildPhase section */
		83D84C172F547D4200F36B9E /* Frameworks */ = {
			isa = PBXFrameworksBuildPhase;
			buildActionMask = 2147483647;
			files = (
			);
			runOnlyForDeploymentPostprocessing = 0;
		};
		83D84C312F547D4300F36B9E /* Frameworks */ = {
			isa = PBXFrameworksBuildPhase;
			buildActionMask = 2147483647;
			files = (
			);
			runOnlyForDeploymentPostprocessing = 0;
		};
		83D84C3B2F547D4300F36B9E /* Frameworks */ = {
			isa = PBXFrameworksBuildPhase;
			buildActionMask = 2147483647;
			files = (
			);
			runOnlyForDeploymentPostprocessing = 0;
		};
		83D84C472F547D4300F36B9E /* Frameworks */ = {
			isa = PBXFrameworksBuildPhase;
			buildActionMask = 2147483647;
			files = (
			);
			runOnlyForDeploymentPostprocessing = 0;
		};
/* End PBXFrameworksBuildPhase section */

/* Begin PBXGroup section */
		83D84C112F547D4200F36B9E = {
			isa = PBXGroup;
			children = (
				83D84C1C2F547D4200F36B9E /* exportAIChat */,
				83D84C372F547D4300F36B9E /* exportAIChatTests */,
				83D84C412F547D4300F36B9E /* exportAIChatUITests */,
				83D84C4E2F547D4300F36B9E /* exportAIChat Extension */,
				83D84C1B2F547D4200F36B9E /* Products */,
			);
			sourceTree = "<group>";
		};
		83D84C1B2F547D4200F36B9E /* Products */ = {
			isa = PBXGroup;
			children = (
				83D84C1A2F547D4200F36B9E /* exportAIChat.app */,
				83D84C342F547D4300F36B9E /* exportAIChatTests.xctest */,
				83D84C3E2F547D4300F36B9E /* exportAIChatUITests.xctest */,
				83D84C4A2F547D4300F36B9E /* exportAIChat Extension.appex */,
			);
			name = Products;
			sourceTree = "<group>";
		};
/* End PBXGroup section */

/* Begin PBXNativeTarget section */
		83D84C192F547D4200F36B9E /* exportAIChat */ = {
			isa = PBXNativeTarget;
			buildConfigurationList = 83D84C6A2F547D4300F36B9E /* Build configuration list for PBXNativeTarget "exportAIChat" */;
			buildPhases = (
				83D84C162F547D4200F36B9E /* Sources */,
				83D84C172F547D4200F36B9E /* Frameworks */,
				83D84C182F547D4200F36B9E /* Resources */,
				83D84C692F547D4300F36B9E /* Embed Foundation Extensions */,
			);
			buildRules = (
			);
			dependencies = (
				83D84C4D2F547D4300F36B9E /* PBXTargetDependency */,
			);
			fileSystemSynchronizedGroups = (
				83D84C1C2F547D4200F36B9E /* exportAIChat */,
			);
			name = exportAIChat;
			packageProductDependencies = (
			);
			productName = exportAIChat;
			productReference = 83D84C1A2F547D4200F36B9E /* exportAIChat.app */;
			productType = "com.apple.product-type.application";
		};
		83D84C332F547D4300F36B9E /* exportAIChatTests */ = {
			isa = PBXNativeTarget;
			buildConfigurationList = 83D84C6D2F547D4300F36B9E /* Build configuration list for PBXNativeTarget "exportAIChatTests" */;
			buildPhases = (
				83D84C302F547D4300F36B9E /* Sources */,
				83D84C312F547D4300F36B9E /* Frameworks */,
				83D84C322F547D4300F36B9E /* Resources */,
			);
			buildRules = (
			);
			dependencies = (
				83D84C362F547D4300F36B9E /* PBXTargetDependency */,
			);
			fileSystemSynchronizedGroups = (
				83D84C372F547D4300F36B9E /* exportAIChatTests */,
			);
			name = exportAIChatTests;
			packageProductDependencies = (
			);
			productName = exportAIChatTests;
			productReference = 83D84C342F547D4300F36B9E /* exportAIChatTests.xctest */;
			productType = "com.apple.product-type.bundle.unit-test";
		};
		83D84C3D2F547D4300F36B9E /* exportAIChatUITests */ = {
			isa = PBXNativeTarget;
			buildConfigurationList = 83D84C702F547D4300F36B9E /* Build configuration list for PBXNativeTarget "exportAIChatUITests" */;
			buildPhases = (
				83D84C3A2F547D4300F36B9E /* Sources */,
				83D84C3B2F547D4300F36B9E /* Frameworks */,
				83D84C3C2F547D4300F36B9E /* Resources */,
			);
			buildRules = (
			);
			dependencies = (
				83D84C402F547D4300F36B9E /* PBXTargetDependency */,
			);
			fileSystemSynchronizedGroups = (
				83D84C412F547D4300F36B9E /* exportAIChatUITests */,
			);
			name = exportAIChatUITests;
			packageProductDependencies = (
			);
			productName = exportAIChatUITests;
			productReference = 83D84C3E2F547D4300F36B9E /* exportAIChatUITests.xctest */;
			productType = "com.apple.product-type.bundle.ui-testing";
		};
		83D84C492F547D4300F36B9E /* exportAIChat Extension */ = {
			isa = PBXNativeTarget;
			buildConfigurationList = 83D84C642F547D4300F36B9E /* Build configuration list for PBXNativeTarget "exportAIChat Extension" */;
			buildPhases = (
				83D84C462F547D4300F36B9E /* Sources */,
				83D84C472F547D4300F36B9E /* Frameworks */,
				83D84C482F547D4300F36B9E /* Resources */,
			);
			buildRules = (
			);
			dependencies = (
			);
			fileSystemSynchronizedGroups = (
				83D84C4E2F547D4300F36B9E /* exportAIChat Extension */,
			);
			name = "exportAIChat Extension";
			packageProductDependencies = (
			);
			productName = "exportAIChat Extension";
			productReference = 83D84C4A2F547D4300F36B9E /* exportAIChat Extension.appex */;
			productType = "com.apple.product-type.app-extension";
		};
/* End PBXNativeTarget section */

/* Begin PBXProject section */
		83D84C122F547D4200F36B9E /* Project object */ = {
			isa = PBXProject;
			attributes = {
				BuildIndependentTargetsInParallel = 1;
				LastSwiftUpdateCheck = 2630;
				LastUpgradeCheck = 2630;
				TargetAttributes = {
					83D84C192F547D4200F36B9E = {
						CreatedOnToolsVersion = 26.3;
					};
					83D84C332F547D4300F36B9E = {
						CreatedOnToolsVersion = 26.3;
						TestTargetID = 83D84C192F547D4200F36B9E;
					};
					83D84C3D2F547D4300F36B9E = {
						CreatedOnToolsVersion = 26.3;
						TestTargetID = 83D84C192F547D4200F36B9E;
					};
					83D84C492F547D4300F36B9E = {
						CreatedOnToolsVersion = 26.3;
					};
				};
			};
			buildConfigurationList = 83D84C152F547D4200F36B9E /* Build configuration list for PBXProject "exportAIChat" */;
			developmentRegion = en;
			hasScannedForEncodings = 0;
			knownRegions = (
				en,
				Base,
			);
			mainGroup = 83D84C112F547D4200F36B9E;
			minimizedProjectReferenceProxies = 1;
			preferredProjectObjectVersion = 77;
			productRefGroup = 83D84C1B2F547D4200F36B9E /* Products */;
			projectDirPath = "";
			projectRoot = "";
			targets = (
				83D84C192F547D4200F36B9E /* exportAIChat */,
				83D84C332F547D4300F36B9E /* exportAIChatTests */,
				83D84C3D2F547D4300F36B9E /* exportAIChatUITests */,
				83D84C492F547D4300F36B9E /* exportAIChat Extension */,
			);
		};
/* End PBXProject section */

/* Begin PBXResourcesBuildPhase section */
		83D84C182F547D4200F36B9E /* Resources */ = {
			isa = PBXResourcesBuildPhase;
			buildActionMask = 2147483647;
			files = (
			);
			runOnlyForDeploymentPostprocessing = 0;
		};
		83D84C322F547D4300F36B9E /* Resources */ = {
			isa = PBXResourcesBuildPhase;
			buildActionMask = 2147483647;
			files = (
			);
			runOnlyForDeploymentPostprocessing = 0;
		};
		83D84C3C2F547D4300F36B9E /* Resources */ = {
			isa = PBXResourcesBuildPhase;
			buildActionMask = 2147483647;
			files = (
			);
			runOnlyForDeploymentPostprocessing = 0;
		};
		83D84C482F547D4300F36B9E /* Resources */ = {
			isa = PBXResourcesBuildPhase;
			buildActionMask = 2147483647;
			files = (
			);
			runOnlyForDeploymentPostprocessing = 0;
		};
/* End PBXResourcesBuildPhase section */

/* Begin PBXSourcesBuildPhase section */
		83D84C162F547D4200F36B9E /* Sources */ = {
			isa = PBXSourcesBuildPhase;
			buildActionMask = 2147483647;
			files = (
			);
			runOnlyForDeploymentPostprocessing = 0;
		};
		83D84C302F547D4300F36B9E /* Sources */ = {
			isa = PBXSourcesBuildPhase;
			buildActionMask = 2147483647;
			files = (
			);
			runOnlyForDeploymentPostprocessing = 0;
		};
		83D84C3A2F547D4300F36B9E /* Sources */ = {
			isa = PBXSourcesBuildPhase;
			buildActionMask = 2147483647;
			files = (
			);
			runOnlyForDeploymentPostprocessing = 0;
		};
		83D84C462F547D4300F36B9E /* Sources */ = {
			isa = PBXSourcesBuildPhase;
			buildActionMask = 2147483647;
			files = (
			);
			runOnlyForDeploymentPostprocessing = 0;
		};
/* End PBXSourcesBuildPhase section */

/* Begin PBXTargetDependency section */
		83D84C362F547D4300F36B9E /* PBXTargetDependency */ = {
			isa = PBXTargetDependency;
			target = 83D84C192F547D4200F36B9E /* exportAIChat */;
			targetProxy = 83D84C352F547D4300F36B9E /* PBXContainerItemProxy */;
		};
		83D84C402F547D4300F36B9E /* PBXTargetDependency */ = {
			isa = PBXTargetDependency;
			target = 83D84C192F547D4200F36B9E /* exportAIChat */;
			targetProxy = 83D84C3F2F547D4300F36B9E /* PBXContainerItemProxy */;
		};
		83D84C4D2F547D4300F36B9E /* PBXTargetDependency */ = {
			isa = PBXTargetDependency;
			target = 83D84C492F547D4300F36B9E /* exportAIChat Extension */;
			targetProxy = 83D84C4C2F547D4300F36B9E /* PBXContainerItemProxy */;
		};
/* End PBXTargetDependency section */

/* Begin XCBuildConfiguration section */
		83D84C652F547D4300F36B9E /* Debug */ = {
			isa = XCBuildConfiguration;
			buildSettings = {
				CODE_SIGN_STYLE = Automatic;
				CURRENT_PROJECT_VERSION = 1;
				DEVELOPMENT_TEAM = M84W4U7RV7;
				ENABLE_APP_SANDBOX = YES;
				ENABLE_HARDENED_RUNTIME = YES;
				ENABLE_USER_SELECTED_FILES = readonly;
				GENERATE_INFOPLIST_FILE = YES;
				INFOPLIST_FILE = "exportAIChat Extension/Info.plist";
				INFOPLIST_KEY_CFBundleDisplayName = "exportAIChat Extension";
				INFOPLIST_KEY_NSHumanReadableCopyright = "";
				LD_RUNPATH_SEARCH_PATHS = (
					"$(inherited)",
					"@executable_path/../Frameworks",
					"@executable_path/../../../../Frameworks",
				);
				MACOSX_DEPLOYMENT_TARGET = 10.14;
				MARKETING_VERSION = 1.0;
				OTHER_LDFLAGS = (
					"-framework",
					SafariServices,
				);
				PRODUCT_BUNDLE_IDENTIFIER = net.ximatai.exportAIChat.Extension;
				PRODUCT_NAME = "$(TARGET_NAME)";
				SKIP_INSTALL = YES;
				STRING_CATALOG_GENERATE_SYMBOLS = YES;
				SWIFT_APPROACHABLE_CONCURRENCY = YES;
				SWIFT_EMIT_LOC_STRINGS = YES;
				SWIFT_UPCOMING_FEATURE_MEMBER_IMPORT_VISIBILITY = YES;
				SWIFT_VERSION = 5.0;
			};
			name = Debug;
		};
		83D84C662F547D4300F36B9E /* Release */ = {
			isa = XCBuildConfiguration;
			buildSettings = {
				CODE_SIGN_STYLE = Automatic;
				CURRENT_PROJECT_VERSION = 1;
				DEVELOPMENT_TEAM = M84W4U7RV7;
				ENABLE_APP_SANDBOX = YES;
				ENABLE_HARDENED_RUNTIME = YES;
				ENABLE_USER_SELECTED_FILES = readonly;
				GENERATE_INFOPLIST_FILE = YES;
				INFOPLIST_FILE = "exportAIChat Extension/Info.plist";
				INFOPLIST_KEY_CFBundleDisplayName = "exportAIChat Extension";
				INFOPLIST_KEY_NSHumanReadableCopyright = "";
				LD_RUNPATH_SEARCH_PATHS = (
					"$(inherited)",
					"@executable_path/../Frameworks",
					"@executable_path/../../../../Frameworks",
				);
				MACOSX_DEPLOYMENT_TARGET = 10.14;
				MARKETING_VERSION = 1.0;
				OTHER_LDFLAGS = (
					"-framework",
					SafariServices,
				);
				PRODUCT_BUNDLE_IDENTIFIER = net.ximatai.exportAIChat.Extension;
				PRODUCT_NAME = "$(TARGET_NAME)";
				SKIP_INSTALL = YES;
				STRING_CATALOG_GENERATE_SYMBOLS = YES;
				SWIFT_APPROACHABLE_CONCURRENCY = YES;
				SWIFT_EMIT_LOC_STRINGS = YES;
				SWIFT_UPCOMING_FEATURE_MEMBER_IMPORT_VISIBILITY = YES;
				SWIFT_VERSION = 5.0;
			};
			name = Release;
		};
		83D84C672F547D4300F36B9E /* Debug */ = {
			isa = XCBuildConfiguration;
			buildSettings = {
				ALWAYS_SEARCH_USER_PATHS = NO;
				ASSETCATALOG_COMPILER_GENERATE_SWIFT_ASSET_SYMBOL_EXTENSIONS = YES;
				CLANG_ANALYZER_NONNULL = YES;
				CLANG_ANALYZER_NUMBER_OBJECT_CONVERSION = YES_AGGRESSIVE;
				CLANG_CXX_LANGUAGE_STANDARD = "gnu++20";
				CLANG_ENABLE_MODULES = YES;
				CLANG_ENABLE_OBJC_ARC = YES;
				CLANG_ENABLE_OBJC_WEAK = YES;
				CLANG_WARN_BLOCK_CAPTURE_AUTORELEASING = YES;
				CLANG_WARN_BOOL_CONVERSION = YES;
				CLANG_WARN_COMMA = YES;
				CLANG_WARN_CONSTANT_CONVERSION = YES;
				CLANG_WARN_DEPRECATED_OBJC_IMPLEMENTATIONS = YES;
				CLANG_WARN_DIRECT_OBJC_ISA_USAGE = YES_ERROR;
				CLANG_WARN_DOCUMENTATION_COMMENTS = YES;
				CLANG_WARN_EMPTY_BODY = YES;
				CLANG_WARN_ENUM_CONVERSION = YES;
				CLANG_WARN_INFINITE_RECURSION = YES;
				CLANG_WARN_INT_CONVERSION = YES;
				CLANG_WARN_NON_LITERAL_NULL_CONVERSION = YES;
				CLANG_WARN_OBJC_IMPLICIT_RETAIN_SELF = YES;
				CLANG_WARN_OBJC_LITERAL_CONVERSION = YES;
				CLANG_WARN_OBJC_ROOT_CLASS = YES_ERROR;
				CLANG_WARN_QUOTED_INCLUDE_IN_FRAMEWORK_HEADER = YES;
				CLANG_WARN_RANGE_LOOP_ANALYSIS = YES;
				CLANG_WARN_STRICT_PROTOTYPES = YES;
				CLANG_WARN_SUSPICIOUS_MOVE = YES;
				CLANG_WARN_UNGUARDED_AVAILABILITY = YES_AGGRESSIVE;
				CLANG_WARN_UNREACHABLE_CODE = YES;
				CLANG_WARN__DUPLICATE_METHOD_MATCH = YES;
				COPY_PHASE_STRIP = NO;
				DEBUG_INFORMATION_FORMAT = dwarf;
				DEVELOPMENT_TEAM = M84W4U7RV7;
				ENABLE_STRICT_OBJC_MSGSEND = YES;
				ENABLE_TESTABILITY = YES;
				ENABLE_USER_SCRIPT_SANDBOXING = YES;
				GCC_C_LANGUAGE_STANDARD = gnu17;
				GCC_DYNAMIC_NO_PIC = NO;
				GCC_NO_COMMON_BLOCKS = YES;
				GCC_OPTIMIZATION_LEVEL = 0;
				GCC_PREPROCESSOR_DEFINITIONS = (
					"DEBUG=1",
					"$(inherited)",
				);
				GCC_WARN_64_TO_32_BIT_CONVERSION = YES;
				GCC_WARN_ABOUT_RETURN_TYPE = YES_ERROR;
				GCC_WARN_UNDECLARED_SELECTOR = YES;
				GCC_WARN_UNINITIALIZED_AUTOS = YES_AGGRESSIVE;
				GCC_WARN_UNUSED_FUNCTION = YES;
				GCC_WARN_UNUSED_VARIABLE = YES;
				LOCALIZATION_PREFERS_STRING_CATALOGS = YES;
				MACOSX_DEPLOYMENT_TARGET = 26.2;
				MTL_ENABLE_DEBUG_INFO = INCLUDE_SOURCE;
				MTL_FAST_MATH = YES;
				ONLY_ACTIVE_ARCH = YES;
				SDKROOT = macosx;
				SWIFT_ACTIVE_COMPILATION_CONDITIONS = "DEBUG $(inherited)";
				SWIFT_OPTIMIZATION_LEVEL = "-Onone";
			};
			name = Debug;
		};
		83D84C682F547D4300F36B9E /* Release */ = {
			isa = XCBuildConfiguration;
			buildSettings = {
				ALWAYS_SEARCH_USER_PATHS = NO;
				ASSETCATALOG_COMPILER_GENERATE_SWIFT_ASSET_SYMBOL_EXTENSIONS = YES;
				CLANG_ANALYZER_NONNULL = YES;
				CLANG_ANALYZER_NUMBER_OBJECT_CONVERSION = YES_AGGRESSIVE;
				CLANG_CXX_LANGUAGE_STANDARD = "gnu++20";
				CLANG_ENABLE_MODULES = YES;
				CLANG_ENABLE_OBJC_ARC = YES;
				CLANG_ENABLE_OBJC_WEAK = YES;
				CLANG_WARN_BLOCK_CAPTURE_AUTORELEASING = YES;
				CLANG_WARN_BOOL_CONVERSION = YES;
				CLANG_WARN_COMMA = YES;
				CLANG_WARN_CONSTANT_CONVERSION = YES;
				CLANG_WARN_DEPRECATED_OBJC_IMPLEMENTATIONS = YES;
				CLANG_WARN_DIRECT_OBJC_ISA_USAGE = YES_ERROR;
				CLANG_WARN_DOCUMENTATION_COMMENTS = YES;
				CLANG_WARN_EMPTY_BODY = YES;
				CLANG_WARN_ENUM_CONVERSION = YES;
				CLANG_WARN_INFINITE_RECURSION = YES;
				CLANG_WARN_INT_CONVERSION = YES;
				CLANG_WARN_NON_LITERAL_NULL_CONVERSION = YES;
				CLANG_WARN_OBJC_IMPLICIT_RETAIN_SELF = YES;
				CLANG_WARN_OBJC_LITERAL_CONVERSION = YES;
				CLANG_WARN_OBJC_ROOT_CLASS = YES_ERROR;
				CLANG_WARN_QUOTED_INCLUDE_IN_FRAMEWORK_HEADER = YES;
				CLANG_WARN_RANGE_LOOP_ANALYSIS = YES;
				CLANG_WARN_STRICT_PROTOTYPES = YES;
				CLANG_WARN_SUSPICIOUS_MOVE = YES;
				CLANG_WARN_UNGUARDED_AVAILABILITY = YES_AGGRESSIVE;
				CLANG_WARN_UNREACHABLE_CODE = YES;
				CLANG_WARN__DUPLICATE_METHOD_MATCH = YES;
				COPY_PHASE_STRIP = NO;
				DEBUG_INFORMATION_FORMAT = "dwarf-with-dsym";
				DEVELOPMENT_TEAM = M84W4U7RV7;
				ENABLE_NS_ASSERTIONS = NO;
				ENABLE_STRICT_OBJC_MSGSEND = YES;
				ENABLE_USER_SCRIPT_SANDBOXING = YES;
				GCC_C_LANGUAGE_STANDARD = gnu17;
				GCC_NO_COMMON_BLOCKS = YES;
				GCC_WARN_64_TO_32_BIT_CONVERSION = YES;
				GCC_WARN_ABOUT_RETURN_TYPE = YES_ERROR;
				GCC_WARN_UNDECLARED_SELECTOR = YES;
				GCC_WARN_UNINITIALIZED_AUTOS = YES_AGGRESSIVE;
				GCC_WARN_UNUSED_FUNCTION = YES;
				GCC_WARN_UNUSED_VARIABLE = YES;
				LOCALIZATION_PREFERS_STRING_CATALOGS = YES;
				MACOSX_DEPLOYMENT_TARGET = 26.2;
				MTL_ENABLE_DEBUG_INFO = NO;
				MTL_FAST_MATH = YES;
				SDKROOT = macosx;
				SWIFT_COMPILATION_MODE = wholemodule;
			};
			name = Release;
		};
		83D84C6B2F547D4300F36B9E /* Debug */ = {
			isa = XCBuildConfiguration;
			buildSettings = {
				ASSETCATALOG_COMPILER_APPICON_NAME = AppIcon;
				ASSETCATALOG_COMPILER_GLOBAL_ACCENT_COLOR_NAME = AccentColor;
				CODE_SIGN_STYLE = Automatic;
				COMBINE_HIDPI_IMAGES = YES;
				CURRENT_PROJECT_VERSION = 1;
				DEVELOPMENT_TEAM = M84W4U7RV7;
				ENABLE_APP_SANDBOX = YES;
				ENABLE_HARDENED_RUNTIME = YES;
				ENABLE_OUTGOING_NETWORK_CONNECTIONS = YES;
				ENABLE_USER_SELECTED_FILES = readonly;
				GENERATE_INFOPLIST_FILE = YES;
				INFOPLIST_KEY_CFBundleDisplayName = exportAIChat;
				INFOPLIST_KEY_NSHumanReadableCopyright = "";
				INFOPLIST_KEY_NSMainStoryboardFile = Main;
				INFOPLIST_KEY_NSPrincipalClass = NSApplication;
				LD_RUNPATH_SEARCH_PATHS = (
					"$(inherited)",
					"@executable_path/../Frameworks",
				);
				MARKETING_VERSION = 1.0;
				OTHER_LDFLAGS = (
					"-framework",
					SafariServices,
					"-framework",
					WebKit,
				);
				PRODUCT_BUNDLE_IDENTIFIER = net.ximatai.exportAIChat;
				PRODUCT_NAME = "$(TARGET_NAME)";
				REGISTER_APP_GROUPS = YES;
				STRING_CATALOG_GENERATE_SYMBOLS = YES;
				SWIFT_APPROACHABLE_CONCURRENCY = YES;
				SWIFT_DEFAULT_ACTOR_ISOLATION = MainActor;
				SWIFT_EMIT_LOC_STRINGS = YES;
				SWIFT_UPCOMING_FEATURE_MEMBER_IMPORT_VISIBILITY = YES;
				SWIFT_VERSION = 5.0;
			};
			name = Debug;
		};
		83D84C6C2F547D4300F36B9E /* Release */ = {
			isa = XCBuildConfiguration;
			buildSettings = {
				ASSETCATALOG_COMPILER_APPICON_NAME = AppIcon;
				ASSETCATALOG_COMPILER_GLOBAL_ACCENT_COLOR_NAME = AccentColor;
				CODE_SIGN_STYLE = Automatic;
				COMBINE_HIDPI_IMAGES = YES;
				CURRENT_PROJECT_VERSION = 1;
				DEVELOPMENT_TEAM = M84W4U7RV7;
				ENABLE_APP_SANDBOX = YES;
				ENABLE_HARDENED_RUNTIME = YES;
				ENABLE_OUTGOING_NETWORK_CONNECTIONS = YES;
				ENABLE_USER_SELECTED_FILES = readonly;
				GENERATE_INFOPLIST_FILE = YES;
				INFOPLIST_KEY_CFBundleDisplayName = exportAIChat;
				INFOPLIST_KEY_NSHumanReadableCopyright = "";
				INFOPLIST_KEY_NSMainStoryboardFile = Main;
				INFOPLIST_KEY_NSPrincipalClass = NSApplication;
				LD_RUNPATH_SEARCH_PATHS = (
					"$(inherited)",
					"@executable_path/../Frameworks",
				);
				MARKETING_VERSION = 1.0;
				OTHER_LDFLAGS = (
					"-framework",
					SafariServices,
					"-framework",
					WebKit,
				);
				PRODUCT_BUNDLE_IDENTIFIER = net.ximatai.exportAIChat;
				PRODUCT_NAME = "$(TARGET_NAME)";
				REGISTER_APP_GROUPS = YES;
				STRING_CATALOG_GENERATE_SYMBOLS = YES;
				SWIFT_APPROACHABLE_CONCURRENCY = YES;
				SWIFT_DEFAULT_ACTOR_ISOLATION = MainActor;
				SWIFT_EMIT_LOC_STRINGS = YES;
				SWIFT_UPCOMING_FEATURE_MEMBER_IMPORT_VISIBILITY = YES;
				SWIFT_VERSION = 5.0;
			};
			name = Release;
		};
		83D84C6E2F547D4300F36B9E /* Debug */ = {
			isa = XCBuildConfiguration;
			buildSettings = {
				BUNDLE_LOADER = "$(TEST_HOST)";
				CODE_SIGN_STYLE = Automatic;
				CURRENT_PROJECT_VERSION = 1;
				DEVELOPMENT_TEAM = M84W4U7RV7;
				GENERATE_INFOPLIST_FILE = YES;
				MACOSX_DEPLOYMENT_TARGET = 26.2;
				MARKETING_VERSION = 1.0;
				PRODUCT_BUNDLE_IDENTIFIER = net.ximatai.exportAIChatTests;
				PRODUCT_NAME = "$(TARGET_NAME)";
				STRING_CATALOG_GENERATE_SYMBOLS = NO;
				SWIFT_APPROACHABLE_CONCURRENCY = YES;
				SWIFT_EMIT_LOC_STRINGS = NO;
				SWIFT_UPCOMING_FEATURE_MEMBER_IMPORT_VISIBILITY = YES;
				SWIFT_VERSION = 5.0;
				TEST_HOST = "$(BUILT_PRODUCTS_DIR)/exportAIChat.app/$(BUNDLE_EXECUTABLE_FOLDER_PATH)/exportAIChat";
			};
			name = Debug;
		};
		83D84C6F2F547D4300F36B9E /* Release */ = {
			isa = XCBuildConfiguration;
			buildSettings = {
				BUNDLE_LOADER = "$(TEST_HOST)";
				CODE_SIGN_STYLE = Automatic;
				CURRENT_PROJECT_VERSION = 1;
				DEVELOPMENT_TEAM = M84W4U7RV7;
				GENERATE_INFOPLIST_FILE = YES;
				MACOSX_DEPLOYMENT_TARGET = 26.2;
				MARKETING_VERSION = 1.0;
				PRODUCT_BUNDLE_IDENTIFIER = net.ximatai.exportAIChatTests;
				PRODUCT_NAME = "$(TARGET_NAME)";
				STRING_CATALOG_GENERATE_SYMBOLS = NO;
				SWIFT_APPROACHABLE_CONCURRENCY = YES;
				SWIFT_EMIT_LOC_STRINGS = NO;
				SWIFT_UPCOMING_FEATURE_MEMBER_IMPORT_VISIBILITY = YES;
				SWIFT_VERSION = 5.0;
				TEST_HOST = "$(BUILT_PRODUCTS_DIR)/exportAIChat.app/$(BUNDLE_EXECUTABLE_FOLDER_PATH)/exportAIChat";
			};
			name = Release;
		};
		83D84C712F547D4300F36B9E /* Debug */ = {
			isa = XCBuildConfiguration;
			buildSettings = {
				CODE_SIGN_STYLE = Automatic;
				CURRENT_PROJECT_VERSION = 1;
				DEVELOPMENT_TEAM = M84W4U7RV7;
				GENERATE_INFOPLIST_FILE = YES;
				MARKETING_VERSION = 1.0;
				PRODUCT_BUNDLE_IDENTIFIER = net.ximatai.exportAIChatUITests;
				PRODUCT_NAME = "$(TARGET_NAME)";
				STRING_CATALOG_GENERATE_SYMBOLS = NO;
				SWIFT_APPROACHABLE_CONCURRENCY = YES;
				SWIFT_EMIT_LOC_STRINGS = NO;
				SWIFT_UPCOMING_FEATURE_MEMBER_IMPORT_VISIBILITY = YES;
				SWIFT_VERSION = 5.0;
				TEST_TARGET_NAME = exportAIChat;
			};
			name = Debug;
		};
		83D84C722F547D4300F36B9E /* Release */ = {
			isa = XCBuildConfiguration;
			buildSettings = {
				CODE_SIGN_STYLE = Automatic;
				CURRENT_PROJECT_VERSION = 1;
				DEVELOPMENT_TEAM = M84W4U7RV7;
				GENERATE_INFOPLIST_FILE = YES;
				MARKETING_VERSION = 1.0;
				PRODUCT_BUNDLE_IDENTIFIER = net.ximatai.exportAIChatUITests;
				PRODUCT_NAME = "$(TARGET_NAME)";
				STRING_CATALOG_GENERATE_SYMBOLS = NO;
				SWIFT_APPROACHABLE_CONCURRENCY = YES;
				SWIFT_EMIT_LOC_STRINGS = NO;
				SWIFT_UPCOMING_FEATURE_MEMBER_IMPORT_VISIBILITY = YES;
				SWIFT_VERSION = 5.0;
				TEST_TARGET_NAME = exportAIChat;
			};
			name = Release;
		};
/* End XCBuildConfiguration section */

/* Begin XCConfigurationList section */
		83D84C152F547D4200F36B9E /* Build configuration list for PBXProject "exportAIChat" */ = {
			isa = XCConfigurationList;
			buildConfigurations = (
				83D84C672F547D4300F36B9E /* Debug */,
				83D84C682F547D4300F36B9E /* Release */,
			);
			defaultConfigurationIsVisible = 0;
			defaultConfigurationName = Release;
		};
		83D84C642F547D4300F36B9E /* Build configuration list for PBXNativeTarget "exportAIChat Extension" */ = {
			isa = XCConfigurationList;
			buildConfigurations = (
				83D84C652F547D4300F36B9E /* Debug */,
				83D84C662F547D4300F36B9E /* Release */,
			);
			defaultConfigurationIsVisible = 0;
			defaultConfigurationName = Release;
		};
		83D84C6A2F547D4300F36B9E /* Build configuration list for PBXNativeTarget "exportAIChat" */ = {
			isa = XCConfigurationList;
			buildConfigurations = (
				83D84C6B2F547D4300F36B9E /* Debug */,
				83D84C6C2F547D4300F36B9E /* Release */,
			);
			defaultConfigurationIsVisible = 0;
			defaultConfigurationName = Release;
		};
		83D84C6D2F547D4300F36B9E /* Build configuration list for PBXNativeTarget "exportAIChatTests" */ = {
			isa = XCConfigurationList;
			buildConfigurations = (
				83D84C6E2F547D4300F36B9E /* Debug */,
				83D84C6F2F547D4300F36B9E /* Release */,
			);
			defaultConfigurationIsVisible = 0;
			defaultConfigurationName = Release;
		};
		83D84C702F547D4300F36B9E /* Build configuration list for PBXNativeTarget "exportAIChatUITests" */ = {
			isa = XCConfigurationList;
			buildConfigurations = (
				83D84C712F547D4300F36B9E /* Debug */,
				83D84C722F547D4300F36B9E /* Release */,
			);
			defaultConfigurationIsVisible = 0;
			defaultConfigurationName = Release;
		};
/* End XCConfigurationList section */
	};
	rootObject = 83D84C122F547D4200F36B9E /* Project object */;
}
